// !$*UTF8*$!
{
	archiveVersion = 1;
	classes = {
	};
	objectVersion = 52;
	objects = {

/* Begin PBXBuildFile section */
		D60CB51F22AFA9B20014B2A4 /* AppDelegate.swift in Sources */ = {isa = PBXBuildFile; fileRef = D60CB51E22AFA9B20014B2A4 /* AppDelegate.swift */; };
		D60CB52122AFA9B20014B2A4 /* ViewController.swift in Sources */ = {isa = PBXBuildFile; fileRef = D60CB52022AFA9B20014B2A4 /* ViewController.swift */; };
		D60CB52422AFA9B20014B2A4 /* Main.storyboard in Resources */ = {isa = PBXBuildFile; fileRef = D60CB52222AFA9B20014B2A4 /* Main.storyboard */; };
		D60CB52622AFA9B30014B2A4 /* Assets.xcassets in Resources */ = {isa = PBXBuildFile; fileRef = D60CB52522AFA9B30014B2A4 /* Assets.xcassets */; };
		D60CB52922AFA9B30014B2A4 /* LaunchScreen.storyboard in Resources */ = {isa = PBXBuildFile; fileRef = D60CB52722AFA9B30014B2A4 /* LaunchScreen.storyboard */; };
		D657B2D322AFAAD800535DEA /* PickerTableViewCell.swift in Sources */ = {isa = PBXBuildFile; fileRef = D657B2D222AFAAD800535DEA /* PickerTableViewCell.swift */; };
		D6BD91B7287D789A002E9C83 /* AWSCognitoIdentityProvider.xcframework in Frameworks */ = {isa = PBXBuildFile; fileRef = D6BD91B2287D789A002E9C83 /* AWSCognitoIdentityProvider.xcframework */; };
		D6BD91B8287D789A002E9C83 /* AWSCognitoIdentityProvider.xcframework in Embed Frameworks */ = {isa = PBXBuildFile; fileRef = D6BD91B2287D789A002E9C83 /* AWSCognitoIdentityProvider.xcframework */; settings = {ATTRIBUTES = (CodeSignOnCopy, RemoveHeadersOnCopy, ); }; };
		D6BD91B9287D789A002E9C83 /* AWSS3.xcframework in Frameworks */ = {isa = PBXBuildFile; fileRef = D6BD91B3287D789A002E9C83 /* AWSS3.xcframework */; };
		D6BD91BA287D789A002E9C83 /* AWSS3.xcframework in Embed Frameworks */ = {isa = PBXBuildFile; fileRef = D6BD91B3287D789A002E9C83 /* AWSS3.xcframework */; settings = {ATTRIBUTES = (CodeSignOnCopy, RemoveHeadersOnCopy, ); }; };
		D6BD91BB287D789A002E9C83 /* AWSCognitoIdentityProviderASF.xcframework in Frameworks */ = {isa = PBXBuildFile; fileRef = D6BD91B4287D789A002E9C83 /* AWSCognitoIdentityProviderASF.xcframework */; };
		D6BD91BC287D789A002E9C83 /* AWSCognitoIdentityProviderASF.xcframework in Embed Frameworks */ = {isa = PBXBuildFile; fileRef = D6BD91B4287D789A002E9C83 /* AWSCognitoIdentityProviderASF.xcframework */; settings = {ATTRIBUTES = (CodeSignOnCopy, RemoveHeadersOnCopy, ); }; };
		D6BD91BD287D789A002E9C83 /* AWSAPIGateway.xcframework in Frameworks */ = {isa = PBXBuildFile; fileRef = D6BD91B5287D789A002E9C83 /* AWSAPIGateway.xcframework */; };
		D6BD91BE287D789A002E9C83 /* AWSAPIGateway.xcframework in Embed Frameworks */ = {isa = PBXBuildFile; fileRef = D6BD91B5287D789A002E9C83 /* AWSAPIGateway.xcframework */; settings = {ATTRIBUTES = (CodeSignOnCopy, RemoveHeadersOnCopy, ); }; };
		D6BD91BF287D789A002E9C83 /* AWSCore.xcframework in Frameworks */ = {isa = PBXBuildFile; fileRef = D6BD91B6287D789A002E9C83 /* AWSCore.xcframework */; };
		D6BD91C0287D789A002E9C83 /* AWSCore.xcframework in Embed Frameworks */ = {isa = PBXBuildFile; fileRef = D6BD91B6287D789A002E9C83 /* AWSCore.xcframework */; settings = {ATTRIBUTES = (CodeSignOnCopy, RemoveHeadersOnCopy, ); }; };
		D6BD91C3287D789D002E9C83 /* MOPRIMTmdSdk.xcframework in Frameworks */ = {isa = PBXBuildFile; fileRef = D6BD91C2287D789D002E9C83 /* MOPRIMTmdSdk.xcframework */; };
		D6BD91C4287D789D002E9C83 /* MOPRIMTmdSdk.xcframework in Embed Frameworks */ = {isa = PBXBuildFile; fileRef = D6BD91C2287D789D002E9C83 /* MOPRIMTmdSdk.xcframework */; settings = {ATTRIBUTES = (CodeSignOnCopy, RemoveHeadersOnCopy, ); }; };
		D6BF484223069F9200E23D96 /* DatePickerController.swift in Sources */ = {isa = PBXBuildFile; fileRef = D6BF484123069F9200E23D96 /* DatePickerController.swift */; };
/* End PBXBuildFile section */

/* Begin PBXCopyFilesBuildPhase section */
		D6BD91C1287D789A002E9C83 /* Embed Frameworks */ = {
			isa = PBXCopyFilesBuildPhase;
			buildActionMask = 2147483647;
			dstPath = "";
			dstSubfolderSpec = 10;
			files = (
				D6BD91C4287D789D002E9C83 /* MOPRIMTmdSdk.xcframework in Embed Frameworks */,
				D6BD91BC287D789A002E9C83 /* AWSCognitoIdentityProviderASF.xcframework in Embed Frameworks */,
				D6BD91C0287D789A002E9C83 /* AWSCore.xcframework in Embed Frameworks */,
				D6BD91B8287D789A002E9C83 /* AWSCognitoIdentityProvider.xcframework in Embed Frameworks */,
				D6BD91BA287D789A002E9C83 /* AWSS3.xcframework in Embed Frameworks */,
				D6BD91BE287D789A002E9C83 /* AWSAPIGateway.xcframework in Embed Frameworks */,
			);
			name = "Embed Frameworks";
			runOnlyForDeploymentPostprocessing = 0;
		};
/* End PBXCopyFilesBuildPhase section */

/* Begin PBXFileReference section */
		D60CB51B22AFA9B20014B2A4 /* TMD Sample Project.app */ = {isa = PBXFileReference; explicitFileType = wrapper.application; includeInIndex = 0; path = "TMD Sample Project.app"; sourceTree = BUILT_PRODUCTS_DIR; };
		D60CB51E22AFA9B20014B2A4 /* AppDelegate.swift */ = {isa = PBXFileReference; lastKnownFileType = sourcecode.swift; path = AppDelegate.swift; sourceTree = "<group>"; };
		D60CB52022AFA9B20014B2A4 /* ViewController.swift */ = {isa = PBXFileReference; lastKnownFileType = sourcecode.swift; path = ViewController.swift; sourceTree = "<group>"; };
		D60CB52322AFA9B20014B2A4 /* Base */ = {isa = PBXFileReference; lastKnownFileType = file.storyboard; name = Base; path = Base.lproj/Main.storyboard; sourceTree = "<group>"; };
		D60CB52522AFA9B30014B2A4 /* Assets.xcassets */ = {isa = PBXFileReference; lastKnownFileType = folder.assetcatalog; path = Assets.xcassets; sourceTree = "<group>"; };
		D60CB52822AFA9B30014B2A4 /* Base */ = {isa = PBXFileReference; lastKnownFileType = file.storyboard; name = Base; path = Base.lproj/LaunchScreen.storyboard; sourceTree = "<group>"; };
		D60CB52A22AFA9B30014B2A4 /* Info.plist */ = {isa = PBXFileReference; lastKnownFileType = text.plist.xml; path = Info.plist; sourceTree = "<group>"; };
		D657B2D222AFAAD800535DEA /* PickerTableViewCell.swift */ = {isa = PBXFileReference; lastKnownFileType = sourcecode.swift; path = PickerTableViewCell.swift; sourceTree = "<group>"; };
		D657B2D422AFBA4400535DEA /* MOPRIMTmdSdk.framework */ = {isa = PBXFileReference; lastKnownFileType = wrapper.framework; path = MOPRIMTmdSdk.framework; sourceTree = "<group>"; };
		D6BD91B2287D789A002E9C83 /* AWSCognitoIdentityProvider.xcframework */ = {isa = PBXFileReference; lastKnownFileType = wrapper.xcframework; name = AWSCognitoIdentityProvider.xcframework; path = XCFrameworks/AWS_XCFrameworks/AWSCognitoIdentityProvider.xcframework; sourceTree = "<group>"; };
		D6BD91B3287D789A002E9C83 /* AWSS3.xcframework */ = {isa = PBXFileReference; lastKnownFileType = wrapper.xcframework; name = AWSS3.xcframework; path = XCFrameworks/AWS_XCFrameworks/AWSS3.xcframework; sourceTree = "<group>"; };
		D6BD91B4287D789A002E9C83 /* AWSCognitoIdentityProviderASF.xcframework */ = {isa = PBXFileReference; lastKnownFileType = wrapper.xcframework; name = AWSCognitoIdentityProviderASF.xcframework; path = XCFrameworks/AWS_XCFrameworks/AWSCognitoIdentityProviderASF.xcframework; sourceTree = "<group>"; };
		D6BD91B5287D789A002E9C83 /* AWSAPIGateway.xcframework */ = {isa = PBXFileReference; lastKnownFileType = wrapper.xcframework; name = AWSAPIGateway.xcframework; path = XCFrameworks/AWS_XCFrameworks/AWSAPIGateway.xcframework; sourceTree = "<group>"; };
		D6BD91B6287D789A002E9C83 /* AWSCore.xcframework */ = {isa = PBXFileReference; lastKnownFileType = wrapper.xcframework; name = AWSCore.xcframework; path = XCFrameworks/AWS_XCFrameworks/AWSCore.xcframework; sourceTree = "<group>"; };
		D6BD91C2287D789D002E9C83 /* MOPRIMTmdSdk.xcframework */ = {isa = PBXFileReference; lastKnownFileType = wrapper.xcframework; name = MOPRIMTmdSdk.xcframework; path = XCFrameworks/MOPRIMTmdSdk.xcframework; sourceTree = "<group>"; };
		D6BF484123069F9200E23D96 /* DatePickerController.swift */ = {isa = PBXFileReference; lastKnownFileType = sourcecode.swift; path = DatePickerController.swift; sourceTree = "<group>"; };
/* End PBXFileReference section */

/* Begin PBXFrameworksBuildPhase section */
		D60CB51822AFA9B20014B2A4 /* Frameworks */ = {
			isa = PBXFrameworksBuildPhase;
			buildActionMask = 2147483647;
			files = (
				D6BD91BD287D789A002E9C83 /* AWSAPIGateway.xcframework in Frameworks */,
				D6BD91B7287D789A002E9C83 /* AWSCognitoIdentityProvider.xcframework in Frameworks */,
				D6BD91BF287D789A002E9C83 /* AWSCore.xcframework in Frameworks */,
				D6BD91BB287D789A002E9C83 /* AWSCognitoIdentityProviderASF.xcframework in Frameworks */,
				D6BD91B9287D789A002E9C83 /* AWSS3.xcframework in Frameworks */,
				D6BD91C3287D789D002E9C83 /* MOPRIMTmdSdk.xcframework in Frameworks */,
			);
			runOnlyForDeploymentPostprocessing = 0;
		};
/* End PBXFrameworksBuildPhase section */

/* Begin PBXGroup section */
		6F5ADF320EB8B6BF1C68EC4E /* Frameworks */ = {
			isa = PBXGroup;
			children = (
				D6BD91C2287D789D002E9C83 /* MOPRIMTmdSdk.xcframework */,
				D6BD91B5287D789A002E9C83 /* AWSAPIGateway.xcframework */,
				D6BD91B2287D789A002E9C83 /* AWSCognitoIdentityProvider.xcframework */,
				D6BD91B4287D789A002E9C83 /* AWSCognitoIdentityProviderASF.xcframework */,
				D6BD91B6287D789A002E9C83 /* AWSCore.xcframework */,
				D6BD91B3287D789A002E9C83 /* AWSS3.xcframework */,
				D657B2D422AFBA4400535DEA /* MOPRIMTmdSdk.framework */,
			);
			name = Frameworks;
			sourceTree = "<group>";
		};
		D60CB51222AFA9B20014B2A4 = {
			isa = PBXGroup;
			children = (
				D60CB51D22AFA9B20014B2A4 /* TMD Sample Project */,
				D60CB51C22AFA9B20014B2A4 /* Products */,
				6F5ADF320EB8B6BF1C68EC4E /* Frameworks */,
			);
			sourceTree = "<group>";
		};
		D60CB51C22AFA9B20014B2A4 /* Products */ = {
			isa = PBXGroup;
			children = (
				D60CB51B22AFA9B20014B2A4 /* TMD Sample Project.app */,
			);
			name = Products;
			sourceTree = "<group>";
		};
		D60CB51D22AFA9B20014B2A4 /* TMD Sample Project */ = {
			isa = PBXGroup;
			children = (
				D60CB51E22AFA9B20014B2A4 /* AppDelegate.swift */,
				D60CB52022AFA9B20014B2A4 /* ViewController.swift */,
				D657B2D222AFAAD800535DEA /* PickerTableViewCell.swift */,
				D60CB52222AFA9B20014B2A4 /* Main.storyboard */,
				D60CB52522AFA9B30014B2A4 /* Assets.xcassets */,
				D60CB52722AFA9B30014B2A4 /* LaunchScreen.storyboard */,
				D60CB52A22AFA9B30014B2A4 /* Info.plist */,
				D6BF484123069F9200E23D96 /* DatePickerController.swift */,
			);
			path = "TMD Sample Project";
			sourceTree = "<group>";
		};
/* End PBXGroup section */

/* Begin PBXNativeTarget section */
		D60CB51A22AFA9B20014B2A4 /* TMD Sample Project */ = {
			isa = PBXNativeTarget;
			buildConfigurationList = D60CB52D22AFA9B30014B2A4 /* Build configuration list for PBXNativeTarget "TMD Sample Project" */;
			buildPhases = (
				D60CB51722AFA9B20014B2A4 /* Sources */,
				D60CB51822AFA9B20014B2A4 /* Frameworks */,
				D60CB51922AFA9B20014B2A4 /* Resources */,
				D6BD91C1287D789A002E9C83 /* Embed Frameworks */,
			);
			buildRules = (
			);
			dependencies = (
			);
			name = "TMD Sample Project";
			productName = "TMD Sample Project";
			productReference = D60CB51B22AFA9B20014B2A4 /* TMD Sample Project.app */;
			productType = "com.apple.product-type.application";
		};
/* End PBXNativeTarget section */

/* Begin PBXProject section */
		D60CB51322AFA9B20014B2A4 /* Project object */ = {
			isa = PBXProject;
			attributes = {
				LastSwiftUpdateCheck = 1020;
				LastUpgradeCheck = 1340;
				ORGANIZATIONNAME = moprim;
				TargetAttributes = {
					D60CB51A22AFA9B20014B2A4 = {
						CreatedOnToolsVersion = 10.2.1;
					};
				};
			};
			buildConfigurationList = D60CB51622AFA9B20014B2A4 /* Build configuration list for PBXProject "TMD Sample Project" */;
			compatibilityVersion = "Xcode 9.3";
			developmentRegion = en;
			hasScannedForEncodings = 0;
			knownRegions = (
				en,
				Base,
			);
			mainGroup = D60CB51222AFA9B20014B2A4;
			productRefGroup = D60CB51C22AFA9B20014B2A4 /* Products */;
			projectDirPath = "";
			projectRoot = "";
			targets = (
				D60CB51A22AFA9B20014B2A4 /* TMD Sample Project */,
			);
		};
/* End PBXProject section */

/* Begin PBXResourcesBuildPhase section */
		D60CB51922AFA9B20014B2A4 /* Resources */ = {
			isa = PBXResourcesBuildPhase;
			buildActionMask = 2147483647;
			files = (
				D60CB52922AFA9B30014B2A4 /* LaunchScreen.storyboard in Resources */,
				D60CB52622AFA9B30014B2A4 /* Assets.xcassets in Resources */,
				D60CB52422AFA9B20014B2A4 /* Main.storyboard in Resources */,
			);
			runOnlyForDeploymentPostprocessing = 0;
		};
/* End PBXResourcesBuildPhase section */

/* Begin PBXSourcesBuildPhase section */
		D60CB51722AFA9B20014B2A4 /* Sources */ = {
			isa = PBXSourcesBuildPhase;
			buildActionMask = 2147483647;
			files = (
				D60CB52122AFA9B20014B2A4 /* ViewController.swift in Sources */,
				D6BF484223069F9200E23D96 /* DatePickerController.swift in Sources */,
				D657B2D322AFAAD800535DEA /* PickerTableViewCell.swift in Sources */,
				D60CB51F22AFA9B20014B2A4 /* AppDelegate.swift in Sources */,
			);
			runOnlyForDeploymentPostprocessing = 0;
		};
/* End PBXSourcesBuildPhase section */

/* Begin PBXVariantGroup section */
		D60CB52222AFA9B20014B2A4 /* Main.storyboard */ = {
			isa = PBXVariantGroup;
			children = (
				D60CB52322AFA9B20014B2A4 /* Base */,
			);
			name = Main.storyboard;
			sourceTree = "<group>";
		};
		D60CB52722AFA9B30014B2A4 /* LaunchScreen.storyboard */ = {
			isa = PBXVariantGroup;
			children = (
				D60CB52822AFA9B30014B2A4 /* Base */,
			);
			name = LaunchScreen.storyboard;
			sourceTree = "<group>";
		};
/* End PBXVariantGroup section */

/* Begin XCBuildConfiguration section */
		D60CB52B22AFA9B30014B2A4 /* Debug */ = {
			isa = XCBuildConfiguration;
			buildSettings = {
				ALWAYS_SEARCH_USER_PATHS = NO;
				CLANG_ANALYZER_NONNULL = YES;
				CLANG_ANALYZER_NUMBER_OBJECT_CONVERSION = YES_AGGRESSIVE;
				CLANG_CXX_LANGUAGE_STANDARD = "gnu++14";
				CLANG_CXX_LIBRARY = "libc++";
				CLANG_ENABLE_MODULES = YES;
				CLANG_ENABLE_OBJC_ARC = YES;
				CLANG_ENABLE_OBJC_WEAK = YES;
				CLANG_WARN_BLOCK_CAPTURE_AUTORELEASING = YES;
				CLANG_WARN_BOOL_CONVERSION = YES;
				CLANG_WARN_COMMA = YES;
				CLANG_WARN_CONSTANT_CONVERSION = YES;
				CLANG_WARN_DEPRECATED_OBJC_IMPLEMENTATIONS = YES;
				CLANG_WARN_DIRECT_OBJC_ISA_USAGE = YES_ERROR;
				CLANG_WARN_DOCUMENTATION_COMMENTS = YES;
				CLANG_WARN_EMPTY_BODY = YES;
				CLANG_WARN_ENUM_CONVERSION = YES;
				CLANG_WARN_INFINITE_RECURSION = YES;
				CLANG_WARN_INT_CONVERSION = YES;
				CLANG_WARN_NON_LITERAL_NULL_CONVERSION = YES;
				CLANG_WARN_OBJC_IMPLICIT_RETAIN_SELF = YES;
				CLANG_WARN_OBJC_LITERAL_CONVERSION = YES;
				CLANG_WARN_OBJC_ROOT_CLASS = YES_ERROR;
				CLANG_WARN_QUOTED_INCLUDE_IN_FRAMEWORK_HEADER = YES;
				CLANG_WARN_RANGE_LOOP_ANALYSIS = YES;
				CLANG_WARN_STRICT_PROTOTYPES = YES;
				CLANG_WARN_SUSPICIOUS_MOVE = YES;
				CLANG_WARN_UNGUARDED_AVAILABILITY = YES_AGGRESSIVE;
				CLANG_WARN_UNREACHABLE_CODE = YES;
				CLANG_WARN__DUPLICATE_METHOD_MATCH = YES;
				CODE_SIGN_IDENTITY = "iPhone Developer";
				COPY_PHASE_STRIP = NO;
				DEBUG_INFORMATION_FORMAT = dwarf;
				ENABLE_STRICT_OBJC_MSGSEND = YES;
				ENABLE_TESTABILITY = YES;
				GCC_C_LANGUAGE_STANDARD = gnu11;
				GCC_DYNAMIC_NO_PIC = NO;
				GCC_NO_COMMON_BLOCKS = YES;
				GCC_OPTIMIZATION_LEVEL = 0;
				GCC_PREPROCESSOR_DEFINITIONS = (
					"DEBUG=1",
					"$(inherited)",
				);
				GCC_WARN_64_TO_32_BIT_CONVERSION = YES;
				GCC_WARN_ABOUT_RETURN_TYPE = YES_ERROR;
				GCC_WARN_UNDECLARED_SELECTOR = YES;
				GCC_WARN_UNINITIALIZED_AUTOS = YES_AGGRESSIVE;
				GCC_WARN_UNUSED_FUNCTION = YES;
				GCC_WARN_UNUSED_VARIABLE = YES;
				IPHONEOS_DEPLOYMENT_TARGET = 12.2;
				MTL_ENABLE_DEBUG_INFO = INCLUDE_SOURCE;
				MTL_FAST_MATH = YES;
				ONLY_ACTIVE_ARCH = YES;
				SDKROOT = iphoneos;
				SWIFT_ACTIVE_COMPILATION_CONDITIONS = DEBUG;
				SWIFT_OPTIMIZATION_LEVEL = "-Onone";
			};
			name = Debug;
		};
		D60CB52C22AFA9B30014B2A4 /* Release */ = {
			isa = XCBuildConfiguration;
			buildSettings = {
				ALWAYS_SEARCH_USER_PATHS = NO;
				CLANG_ANALYZER_NONNULL = YES;
				CLANG_ANALYZER_NUMBER_OBJECT_CONVERSION = YES_AGGRESSIVE;
				CLANG_CXX_LANGUAGE_STANDARD = "gnu++14";
				CLANG_CXX_LIBRARY = "libc++";
				CLANG_ENABLE_MODULES = YES;
				CLANG_ENABLE_OBJC_ARC = YES;
				CLANG_ENABLE_OBJC_WEAK = YES;
				CLANG_WARN_BLOCK_CAPTURE_AUTORELEASING = YES;
				CLANG_WARN_BOOL_CONVERSION = YES;
				CLANG_WARN_COMMA = YES;
				CLANG_WARN_CONSTANT_CONVERSION = YES;
				CLANG_WARN_DEPRECATED_OBJC_IMPLEMENTATIONS = YES;
				CLANG_WARN_DIRECT_OBJC_ISA_USAGE = YES_ERROR;
				CLANG_WARN_DOCUMENTATION_COMMENTS = YES;
				CLANG_WARN_EMPTY_BODY = YES;
				CLANG_WARN_ENUM_CONVERSION = YES;
				CLANG_WARN_INFINITE_RECURSION = YES;
				CLANG_WARN_INT_CONVERSION = YES;
				CLANG_WARN_NON_LITERAL_NULL_CONVERSION = YES;
				CLANG_WARN_OBJC_IMPLICIT_RETAIN_SELF = YES;
				CLANG_WARN_OBJC_LITERAL_CONVERSION = YES;
				CLANG_WARN_OBJC_ROOT_CLASS = YES_ERROR;
				CLANG_WARN_QUOTED_INCLUDE_IN_FRAMEWORK_HEADER = YES;
				CLANG_WARN_RANGE_LOOP_ANALYSIS = YES;
				CLANG_WARN_STRICT_PROTOTYPES = YES;
				CLANG_WARN_SUSPICIOUS_MOVE = YES;
				CLANG_WARN_UNGUARDED_AVAILABILITY = YES_AGGRESSIVE;
				CLANG_WARN_UNREACHABLE_CODE = YES;
				CLANG_WARN__DUPLICATE_METHOD_MATCH = YES;
				CODE_SIGN_IDENTITY = "iPhone Developer";
				COPY_PHASE_STRIP = NO;
				DEBUG_INFORMATION_FORMAT = "dwarf-with-dsym";
				ENABLE_NS_ASSERTIONS = NO;
				ENABLE_STRICT_OBJC_MSGSEND = YES;
				GCC_C_LANGUAGE_STANDARD = gnu11;
				GCC_NO_COMMON_BLOCKS = YES;
				GCC_WARN_64_TO_32_BIT_CONVERSION = YES;
				GCC_WARN_ABOUT_RETURN_TYPE = YES_ERROR;
				GCC_WARN_UNDECLARED_SELECTOR = YES;
				GCC_WARN_UNINITIALIZED_AUTOS = YES_AGGRESSIVE;
				GCC_WARN_UNUSED_FUNCTION = YES;
				GCC_WARN_UNUSED_VARIABLE = YES;
				IPHONEOS_DEPLOYMENT_TARGET = 12.2;
				MTL_ENABLE_DEBUG_INFO = NO;
				MTL_FAST_MATH = YES;
				SDKROOT = iphoneos;
				SWIFT_COMPILATION_MODE = wholemodule;
				SWIFT_OPTIMIZATION_LEVEL = "-O";
				VALIDATE_PRODUCT = YES;
			};
			name = Release;
		};
		D60CB52E22AFA9B30014B2A4 /* Debug */ = {
			isa = XCBuildConfiguration;
			buildSettings = {
				ASSETCATALOG_COMPILER_APPICON_NAME = AppIcon;
				CODE_SIGN_STYLE = Automatic;
				DEVELOPMENT_TEAM = "";
				FRAMEWORK_SEARCH_PATHS = (
					"$(inherited)",
					"$(PROJECT_DIR)",
				);
				INFOPLIST_FILE = "TMD Sample Project/Info.plist";
				IPHONEOS_DEPLOYMENT_TARGET = 12.1;
				LD_RUNPATH_SEARCH_PATHS = (
					"$(inherited)",
					"@executable_path/Frameworks",
				);
				PRODUCT_BUNDLE_IDENTIFIER = "fi.moprim.tmd.TMD-Sample-Project";
				PRODUCT_NAME = "TMD Sample Project";
				SWIFT_VERSION = 5.0;
				TARGETED_DEVICE_FAMILY = 1;
			};
			name = Debug;
		};
		D60CB52F22AFA9B30014B2A4 /* Release */ = {
			isa = XCBuildConfiguration;
			buildSettings = {
				ASSETCATALOG_COMPILER_APPICON_NAME = AppIcon;
				CODE_SIGN_STYLE = Automatic;
				DEVELOPMENT_TEAM = "";
				FRAMEWORK_SEARCH_PATHS = (
					"$(inherited)",
					"$(PROJECT_DIR)",
				);
				INFOPLIST_FILE = "TMD Sample Project/Info.plist";
				IPHONEOS_DEPLOYMENT_TARGET = 12.1;
				LD_RUNPATH_SEARCH_PATHS = (
					"$(inherited)",
					"@executable_path/Frameworks",
				);
				PRODUCT_BUNDLE_IDENTIFIER = "fi.moprim.tmd.TMD-Sample-Project";
				PRODUCT_NAME = "TMD Sample Project";
				SWIFT_VERSION = 5.0;
				TARGETED_DEVICE_FAMILY = 1;
			};
			name = Release;
		};
/* End XCBuildConfiguration section */

/* Begin XCConfigurationList section */
		D60CB51622AFA9B20014B2A4 /* Build configuration list for PBXProject "TMD Sample Project" */ = {
			isa = XCConfigurationList;
			buildConfigurations = (
				D60CB52B22AFA9B30014B2A4 /* Debug */,
				D60CB52C22AFA9B30014B2A4 /* Release */,
			);
			defaultConfigurationIsVisible = 0;
			defaultConfigurationName = Release;
		};
		D60CB52D22AFA9B30014B2A4 /* Build configuration list for PBXNativeTarget "TMD Sample Project" */ = {
			isa = XCConfigurationList;
			buildConfigurations = (
				D60CB52E22AFA9B30014B2A4 /* Debug */,
				D60CB52F22AFA9B30014B2A4 /* Release */,
			);
			defaultConfigurationIsVisible = 0;
			defaultConfigurationName = Release;
		};
/* End XCConfigurationList section */
	};
	rootObject = D60CB51322AFA9B20014B2A4 /* Project object */;
}
